// !$*UTF8*$!
{
	archiveVersion = 1;
	classes = {
	};
	objectVersion = 55;
	objects = {

/* Begin PBXBuildFile section */
		BEEBF3CE28C0EDC800B9D46D /* AppDelegate.swift in Sources */ = {isa = PBXBuildFile; fileRef = BEEBF3CD28C0EDC800B9D46D /* AppDelegate.swift */; };
		BEEBF3D028C0EDC800B9D46D /* SceneDelegate.swift in Sources */ = {isa = PBXBuildFile; fileRef = BEEBF3CF28C0EDC800B9D46D /* SceneDelegate.swift */; };
		BEEBF3D228C0EDC800B9D46D /* ViewController.swift in Sources */ = {isa = PBXBuildFile; fileRef = BEEBF3D128C0EDC800B9D46D /* ViewController.swift */; };
		BEEBF3D728C0EDCA00B9D46D /* Assets.xcassets in Resources */ = {isa = PBXBuildFile; fileRef = BEEBF3D628C0EDCA00B9D46D /* Assets.xcassets */; };
		BEEBF3EA28C1D6D000B9D46D /* TabBarViewController.swift in Sources */ = {isa = PBXBuildFile; fileRef = BEEBF3E928C1D6D000B9D46D /* TabBarViewController.swift */; };
		BEEBF3ED28C1D7D500B9D46D /* LabraryTabBar.swift in Sources */ = {isa = PBXBuildFile; fileRef = BEEBF3EC28C1D7D500B9D46D /* LabraryTabBar.swift */; };
		BEEBF3EF28C1D7F400B9D46D /* ForYouTabBar.swift in Sources */ = {isa = PBXBuildFile; fileRef = BEEBF3EE28C1D7F400B9D46D /* ForYouTabBar.swift */; };
		BEEBF3F128C1D80900B9D46D /* AlbumsTabBar.swift in Sources */ = {isa = PBXBuildFile; fileRef = BEEBF3F028C1D80900B9D46D /* AlbumsTabBar.swift */; };
		BEEBF3F328C1D83000B9D46D /* SearchTabBar.swift in Sources */ = {isa = PBXBuildFile; fileRef = BEEBF3F228C1D83000B9D46D /* SearchTabBar.swift */; };
/* End PBXBuildFile section */

/* Begin PBXFileReference section */
		BEEBF3CA28C0EDC800B9D46D /* HW14.app */ = {isa = PBXFileReference; explicitFileType = wrapper.application; includeInIndex = 0; path = HW14.app; sourceTree = BUILT_PRODUCTS_DIR; };
		BEEBF3CD28C0EDC800B9D46D /* AppDelegate.swift */ = {isa = PBXFileReference; lastKnownFileType = sourcecode.swift; path = AppDelegate.swift; sourceTree = "<group>"; };
		BEEBF3CF28C0EDC800B9D46D /* SceneDelegate.swift */ = {isa = PBXFileReference; lastKnownFileType = sourcecode.swift; path = SceneDelegate.swift; sourceTree = "<group>"; };
		BEEBF3D128C0EDC800B9D46D /* ViewController.swift */ = {isa = PBXFileReference; lastKnownFileType = sourcecode.swift; path = ViewController.swift; sourceTree = "<group>"; };
		BEEBF3D628C0EDCA00B9D46D /* Assets.xcassets */ = {isa = PBXFileReference; lastKnownFileType = folder.assetcatalog; path = Assets.xcassets; sourceTree = "<group>"; };
		BEEBF3DB28C0EDCA00B9D46D /* Info.plist */ = {isa = PBXFileReference; lastKnownFileType = text.plist.xml; path = Info.plist; sourceTree = "<group>"; };
		BEEBF3E928C1D6D000B9D46D /* TabBarViewController.swift */ = {isa = PBXFileReference; lastKnownFileType = sourcecode.swift; path = TabBarViewController.swift; sourceTree = "<group>"; };
		BEEBF3EC28C1D7D500B9D46D /* LabraryTabBar.swift */ = {isa = PBXFileReference; lastKnownFileType = sourcecode.swift; path = LabraryTabBar.swift; sourceTree = "<group>"; };
		BEEBF3EE28C1D7F400B9D46D /* ForYouTabBar.swift */ = {isa = PBXFileReference; lastKnownFileType = sourcecode.swift; path = ForYouTabBar.swift; sourceTree = "<group>"; };
		BEEBF3F028C1D80900B9D46D /* AlbumsTabBar.swift */ = {isa = PBXFileReference; lastKnownFileType = sourcecode.swift; path = AlbumsTabBar.swift; sourceTree = "<group>"; };
		BEEBF3F228C1D83000B9D46D /* SearchTabBar.swift */ = {isa = PBXFileReference; lastKnownFileType = sourcecode.swift; path = SearchTabBar.swift; sourceTree = "<group>"; };
/* End PBXFileReference section */

/* Begin PBXFrameworksBuildPhase section */
		BEEBF3C728C0EDC800B9D46D /* Frameworks */ = {
			isa = PBXFrameworksBuildPhase;
			buildActionMask = 2147483647;
			files = (
			);
			runOnlyForDeploymentPostprocessing = 0;
		};
/* End PBXFrameworksBuildPhase section */

/* Begin PBXGroup section */
		BEEBF3C128C0EDC800B9D46D = {
			isa = PBXGroup;
			children = (
				BEEBF3CC28C0EDC800B9D46D /* HW14 */,
				BEEBF3CB28C0EDC800B9D46D /* Products */,
			);
			sourceTree = "<group>";
		};
		BEEBF3CB28C0EDC800B9D46D /* Products */ = {
			isa = PBXGroup;
			children = (
				BEEBF3CA28C0EDC800B9D46D /* HW14.app */,
			);
			name = Products;
			sourceTree = "<group>";
		};
		BEEBF3CC28C0EDC800B9D46D /* HW14 */ = {
			isa = PBXGroup;
			children = (
				BEEBF3E128C0F00400B9D46D /* Sources */,
				BEEBF3E228C0F00C00B9D46D /* Resources */,
			);
			path = HW14;
			sourceTree = "<group>";
		};
		BEEBF3E128C0F00400B9D46D /* Sources */ = {
			isa = PBXGroup;
			children = (
				BEEBF3E528C0F07400B9D46D /* Controllers */,
				BEEBF3E428C0F06B00B9D46D /* Model */,
				BEEBF3E328C0F01700B9D46D /* App */,
			);
			path = Sources;
			sourceTree = "<group>";
		};
		BEEBF3E228C0F00C00B9D46D /* Resources */ = {
			isa = PBXGroup;
			children = (
				BEEBF3DB28C0EDCA00B9D46D /* Info.plist */,
				BEEBF3D628C0EDCA00B9D46D /* Assets.xcassets */,
			);
			path = Resources;
			sourceTree = "<group>";
		};
		BEEBF3E328C0F01700B9D46D /* App */ = {
			isa = PBXGroup;
			children = (
				BEEBF3CF28C0EDC800B9D46D /* SceneDelegate.swift */,
				BEEBF3CD28C0EDC800B9D46D /* AppDelegate.swift */,
			);
			path = App;
			sourceTree = "<group>";
		};
		BEEBF3E428C0F06B00B9D46D /* Model */ = {
			isa = PBXGroup;
			children = (
			);
			path = Model;
			sourceTree = "<group>";
		};
		BEEBF3E528C0F07400B9D46D /* Controllers */ = {
			isa = PBXGroup;
			children = (
				BEEBF3EB28C1D79A00B9D46D /* CollectionView */,
				BEEBF3E728C1D67400B9D46D /* TabBarControllers */,
			);
			path = Controllers;
			sourceTree = "<group>";
		};
		BEEBF3E628C0F07E00B9D46D /* Items */ = {
			isa = PBXGroup;
			children = (
			);
			name = Items;
			path = ../Items;
			sourceTree = "<group>";
		};
		BEEBF3E728C1D67400B9D46D /* TabBarControllers */ = {
			isa = PBXGroup;
			children = (
				BEEBF3E928C1D6D000B9D46D /* TabBarViewController.swift */,
				BEEBF3EC28C1D7D500B9D46D /* LabraryTabBar.swift */,
				BEEBF3EE28C1D7F400B9D46D /* ForYouTabBar.swift */,
				BEEBF3F028C1D80900B9D46D /* AlbumsTabBar.swift */,
				BEEBF3F228C1D83000B9D46D /* SearchTabBar.swift */,
			);
			path = TabBarControllers;
			sourceTree = "<group>";
		};
		BEEBF3EB28C1D79A00B9D46D /* CollectionView */ = {
			isa = PBXGroup;
			children = (
				BEEBF3D128C0EDC800B9D46D /* ViewController.swift */,
				BEEBF3E628C0F07E00B9D46D /* Items */,
			);
			path = CollectionView;
			sourceTree = "<group>";
		};
/* End PBXGroup section */

/* Begin PBXNativeTarget section */
		BEEBF3C928C0EDC800B9D46D /* HW14 */ = {
			isa = PBXNativeTarget;
			buildConfigurationList = BEEBF3DE28C0EDCA00B9D46D /* Build configuration list for PBXNativeTarget "HW14" */;
			buildPhases = (
				BEEBF3C628C0EDC800B9D46D /* Sources */,
				BEEBF3C728C0EDC800B9D46D /* Frameworks */,
				BEEBF3C828C0EDC800B9D46D /* Resources */,
			);
			buildRules = (
			);
			dependencies = (
			);
			name = HW14;
			productName = HW14;
			productReference = BEEBF3CA28C0EDC800B9D46D /* HW14.app */;
			productType = "com.apple.product-type.application";
		};
/* End PBXNativeTarget section */

/* Begin PBXProject section */
		BEEBF3C228C0EDC800B9D46D /* Project object */ = {
			isa = PBXProject;
			attributes = {
				BuildIndependentTargetsInParallel = 1;
				LastSwiftUpdateCheck = 1320;
				LastUpgradeCheck = 1320;
				TargetAttributes = {
					BEEBF3C928C0EDC800B9D46D = {
						CreatedOnToolsVersion = 13.2.1;
					};
				};
			};
			buildConfigurationList = BEEBF3C528C0EDC800B9D46D /* Build configuration list for PBXProject "HW14" */;
			compatibilityVersion = "Xcode 13.0";
			developmentRegion = en;
			hasScannedForEncodings = 0;
			knownRegions = (
				en,
				Base,
			);
			mainGroup = BEEBF3C128C0EDC800B9D46D;
			productRefGroup = BEEBF3CB28C0EDC800B9D46D /* Products */;
			projectDirPath = "";
			projectRoot = "";
			targets = (
				BEEBF3C928C0EDC800B9D46D /* HW14 */,
			);
		};
/* End PBXProject section */

/* Begin PBXResourcesBuildPhase section */
		BEEBF3C828C0EDC800B9D46D /* Resources */ = {
			isa = PBXResourcesBuildPhase;
			buildActionMask = 2147483647;
			files = (
				BEEBF3D728C0EDCA00B9D46D /* Assets.xcassets in Resources */,
			);
			runOnlyForDeploymentPostprocessing = 0;
		};
/* End PBXResourcesBuildPhase section */

/* Begin PBXSourcesBuildPhase section */
		BEEBF3C628C0EDC800B9D46D /* Sources */ = {
			isa = PBXSourcesBuildPhase;
			buildActionMask = 2147483647;
			files = (
				BEEBF3F328C1D83000B9D46D /* SearchTabBar.swift in Sources */,
				BEEBF3ED28C1D7D500B9D46D /* LabraryTabBar.swift in Sources */,
				BEEBF3EA28C1D6D000B9D46D /* TabBarViewController.swift in Sources */,
				BEEBF3EF28C1D7F400B9D46D /* ForYouTabBar.swift in Sources */,
				BEEBF3D228C0EDC800B9D46D /* ViewController.swift in Sources */,
				BEEBF3CE28C0EDC800B9D46D /* AppDelegate.swift in Sources */,
				BEEBF3D028C0EDC800B9D46D /* SceneDelegate.swift in Sources */,
				BEEBF3F128C1D80900B9D46D /* AlbumsTabBar.swift in Sources */,
			);
			runOnlyForDeploymentPostprocessing = 0;
		};
/* End PBXSourcesBuildPhase section */

/* Begin XCBuildConfiguration section */
		BEEBF3DC28C0EDCA00B9D46D /* Debug */ = {
			isa = XCBuildConfiguration;
			buildSettings = {
				ALWAYS_SEARCH_USER_PATHS = NO;
				CLANG_ANALYZER_NONNULL = YES;
				CLANG_ANALYZER_NUMBER_OBJECT_CONVERSION = YES_AGGRESSIVE;
				CLANG_CXX_LANGUAGE_STANDARD = "gnu++17";
				CLANG_CXX_LIBRARY = "libc++";
				CLANG_ENABLE_MODULES = YES;
				CLANG_ENABLE_OBJC_ARC = YES;
				CLANG_ENABLE_OBJC_WEAK = YES;
				CLANG_WARN_BLOCK_CAPTURE_AUTORELEASING = YES;
				CLANG_WARN_BOOL_CONVERSION = YES;
				CLANG_WARN_COMMA = YES;
				CLANG_WARN_CONSTANT_CONVERSION = YES;
				CLANG_WARN_DEPRECATED_OBJC_IMPLEMENTATIONS = YES;
				CLANG_WARN_DIRECT_OBJC_ISA_USAGE = YES_ERROR;
				CLANG_WARN_DOCUMENTATION_COMMENTS = YES;
				CLANG_WARN_EMPTY_BODY = YES;
				CLANG_WARN_ENUM_CONVERSION = YES;
				CLANG_WARN_INFINITE_RECURSION = YES;
				CLANG_WARN_INT_CONVERSION = YES;
				CLANG_WARN_NON_LITERAL_NULL_CONVERSION = YES;
				CLANG_WARN_OBJC_IMPLICIT_RETAIN_SELF = YES;
				CLANG_WARN_OBJC_LITERAL_CONVERSION = YES;
				CLANG_WARN_OBJC_ROOT_CLASS = YES_ERROR;
				CLANG_WARN_QUOTED_INCLUDE_IN_FRAMEWORK_HEADER = YES;
				CLANG_WARN_RANGE_LOOP_ANALYSIS = YES;
				CLANG_WARN_STRICT_PROTOTYPES = YES;
				CLANG_WARN_SUSPICIOUS_MOVE = YES;
				CLANG_WARN_UNGUARDED_AVAILABILITY = YES_AGGRESSIVE;
				CLANG_WARN_UNREACHABLE_CODE = YES;
				CLANG_WARN__DUPLICATE_METHOD_MATCH = YES;
				COPY_PHASE_STRIP = NO;
				DEBUG_INFORMATION_FORMAT = dwarf;
				ENABLE_STRICT_OBJC_MSGSEND = YES;
				ENABLE_TESTABILITY = YES;
				GCC_C_LANGUAGE_STANDARD = gnu11;
				GCC_DYNAMIC_NO_PIC = NO;
				GCC_NO_COMMON_BLOCKS = YES;
				GCC_OPTIMIZATION_LEVEL = 0;
				GCC_PREPROCESSOR_DEFINITIONS = (
					"DEBUG=1",
					"$(inherited)",
				);
				GCC_WARN_64_TO_32_BIT_CONVERSION = YES;
				GCC_WARN_ABOUT_RETURN_TYPE = YES_ERROR;
				GCC_WARN_UNDECLARED_SELECTOR = YES;
				GCC_WARN_UNINITIALIZED_AUTOS = YES_AGGRESSIVE;
				GCC_WARN_UNUSED_FUNCTION = YES;
				GCC_WARN_UNUSED_VARIABLE = YES;
				IPHONEOS_DEPLOYMENT_TARGET = 15.2;
				MTL_ENABLE_DEBUG_INFO = INCLUDE_SOURCE;
				MTL_FAST_MATH = YES;
				ONLY_ACTIVE_ARCH = YES;
				SDKROOT = iphoneos;
				SWIFT_ACTIVE_COMPILATION_CONDITIONS = DEBUG;
				SWIFT_OPTIMIZATION_LEVEL = "-Onone";
			};
			name = Debug;
		};
		BEEBF3DD28C0EDCA00B9D46D /* Release */ = {
			isa = XCBuildConfiguration;
			buildSettings = {
				ALWAYS_SEARCH_USER_PATHS = NO;
				CLANG_ANALYZER_NONNULL = YES;
				CLANG_ANALYZER_NUMBER_OBJECT_CONVERSION = YES_AGGRESSIVE;
				CLANG_CXX_LANGUAGE_STANDARD = "gnu++17";
				CLANG_CXX_LIBRARY = "libc++";
				CLANG_ENABLE_MODULES = YES;
				CLANG_ENABLE_OBJC_ARC = YES;
				CLANG_ENABLE_OBJC_WEAK = YES;
				CLANG_WARN_BLOCK_CAPTURE_AUTORELEASING = YES;
				CLANG_WARN_BOOL_CONVERSION = YES;
				CLANG_WARN_COMMA = YES;
				CLANG_WARN_CONSTANT_CONVERSION = YES;
				CLANG_WARN_DEPRECATED_OBJC_IMPLEMENTATIONS = YES;
				CLANG_WARN_DIRECT_OBJC_ISA_USAGE = YES_ERROR;
				CLANG_WARN_DOCUMENTATION_COMMENTS = YES;
				CLANG_WARN_EMPTY_BODY = YES;
				CLANG_WARN_ENUM_CONVERSION = YES;
				CLANG_WARN_INFINITE_RECURSION = YES;
				CLANG_WARN_INT_CONVERSION = YES;
				CLANG_WARN_NON_LITERAL_NULL_CONVERSION = YES;
				CLANG_WARN_OBJC_IMPLICIT_RETAIN_SELF = YES;
				CLANG_WARN_OBJC_LITERAL_CONVERSION = YES;
				CLANG_WARN_OBJC_ROOT_CLASS = YES_ERROR;
				CLANG_WARN_QUOTED_INCLUDE_IN_FRAMEWORK_HEADER = YES;
				CLANG_WARN_RANGE_LOOP_ANALYSIS = YES;
				CLANG_WARN_STRICT_PROTOTYPES = YES;
				CLANG_WARN_SUSPICIOUS_MOVE = YES;
				CLANG_WARN_UNGUARDED_AVAILABILITY = YES_AGGRESSIVE;
				CLANG_WARN_UNREACHABLE_CODE = YES;
				CLANG_WARN__DUPLICATE_METHOD_MATCH = YES;
				COPY_PHASE_STRIP = NO;
				DEBUG_INFORMATION_FORMAT = "dwarf-with-dsym";
				ENABLE_NS_ASSERTIONS = NO;
				ENABLE_STRICT_OBJC_MSGSEND = YES;
				GCC_C_LANGUAGE_STANDARD = gnu11;
				GCC_NO_COMMON_BLOCKS = YES;
				GCC_WARN_64_TO_32_BIT_CONVERSION = YES;
				GCC_WARN_ABOUT_RETURN_TYPE = YES_ERROR;
				GCC_WARN_UNDECLARED_SELECTOR = YES;
				GCC_WARN_UNINITIALIZED_AUTOS = YES_AGGRESSIVE;
				GCC_WARN_UNUSED_FUNCTION = YES;
				GCC_WARN_UNUSED_VARIABLE = YES;
				IPHONEOS_DEPLOYMENT_TARGET = 15.2;
				MTL_ENABLE_DEBUG_INFO = NO;
				MTL_FAST_MATH = YES;
				SDKROOT = iphoneos;
				SWIFT_COMPILATION_MODE = wholemodule;
				SWIFT_OPTIMIZATION_LEVEL = "-O";
				VALIDATE_PRODUCT = YES;
			};
			name = Release;
		};
		BEEBF3DF28C0EDCA00B9D46D /* Debug */ = {
			isa = XCBuildConfiguration;
			buildSettings = {
				ASSETCATALOG_COMPILER_APPICON_NAME = AppIcon;
				ASSETCATALOG_COMPILER_GLOBAL_ACCENT_COLOR_NAME = AccentColor;
				CODE_SIGN_STYLE = Automatic;
				CURRENT_PROJECT_VERSION = 1;
				DEVELOPMENT_TEAM = 65ZD43WNWU;
				GENERATE_INFOPLIST_FILE = YES;
				INFOPLIST_FILE = HW14/Resources/Info.plist;
				INFOPLIST_KEY_UIApplicationSupportsIndirectInputEvents = YES;
				INFOPLIST_KEY_UILaunchStoryboardName = LaunchScreen;
				INFOPLIST_KEY_UISupportedInterfaceOrientations_iPad = "UIInterfaceOrientationPortrait UIInterfaceOrientationPortraitUpsideDown UIInterfaceOrientationLandscapeLeft UIInterfaceOrientationLandscapeRight";
				INFOPLIST_KEY_UISupportedInterfaceOrientations_iPhone = "UIInterfaceOrientationPortrait UIInterfaceOrientationLandscapeLeft UIInterfaceOrientationLandscapeRight";
				LD_RUNPATH_SEARCH_PATHS = (
					"$(inherited)",
					"@executable_path/Frameworks",
				);
				MARKETING_VERSION = 1.0;
				PRODUCT_BUNDLE_IDENTIFIER = viktorBasiev.HW14;
				PRODUCT_NAME = "$(TARGET_NAME)";
				SWIFT_EMIT_LOC_STRINGS = YES;
				SWIFT_VERSION = 5.0;
				TARGETED_DEVICE_FAMILY = "1,2";
			};
			name = Debug;
		};
		BEEBF3E028C0EDCA00B9D46D /* Release */ = {
			isa = XCBuildConfiguration;
			buildSettings = {
				ASSETCATALOG_COMPILER_APPICON_NAME = AppIcon;
				ASSETCATALOG_COMPILER_GLOBAL_ACCENT_COLOR_NAME = AccentColor;
				CODE_SIGN_STYLE = Automatic;
				CURRENT_PROJECT_VERSION = 1;
				DEVELOPMENT_TEAM = 65ZD43WNWU;
				GENERATE_INFOPLIST_FILE = YES;
				INFOPLIST_FILE = HW14/Resources/Info.plist;
				INFOPLIST_KEY_UIApplicationSupportsIndirectInputEvents = YES;
				INFOPLIST_KEY_UILaunchStoryboardName = LaunchScreen;
				INFOPLIST_KEY_UISupportedInterfaceOrientations_iPad = "UIInterfaceOrientationPortrait UIInterfaceOrientationPortraitUpsideDown UIInterfaceOrientationLandscapeLeft UIInterfaceOrientationLandscapeRight";
				INFOPLIST_KEY_UISupportedInterfaceOrientations_iPhone = "UIInterfaceOrientationPortrait UIInterfaceOrientationLandscapeLeft UIInterfaceOrientationLandscapeRight";
				LD_RUNPATH_SEARCH_PATHS = (
					"$(inherited)",
					"@executable_path/Frameworks",
				);
				MARKETING_VERSION = 1.0;
				PRODUCT_BUNDLE_IDENTIFIER = viktorBasiev.HW14;
				PRODUCT_NAME = "$(TARGET_NAME)";
				SWIFT_EMIT_LOC_STRINGS = YES;
				SWIFT_VERSION = 5.0;
				TARGETED_DEVICE_FAMILY = "1,2";
			};
			name = Release;
		};
/* End XCBuildConfiguration section */

/* Begin XCConfigurationList section */
		BEEBF3C528C0EDC800B9D46D /* Build configuration list for PBXProject "HW14" */ = {
			isa = XCConfigurationList;
			buildConfigurations = (
				BEEBF3DC28C0EDCA00B9D46D /* Debug */,
				BEEBF3DD28C0EDCA00B9D46D /* Release */,
			);
			defaultConfigurationIsVisible = 0;
			defaultConfigurationName = Release;
		};
		BEEBF3DE28C0EDCA00B9D46D /* Build configuration list for PBXNativeTarget "HW14" */ = {
			isa = XCConfigurationList;
			buildConfigurations = (
				BEEBF3DF28C0EDCA00B9D46D /* Debug */,
				BEEBF3E028C0EDCA00B9D46D /* Release */,
			);
			defaultConfigurationIsVisible = 0;
			defaultConfigurationName = Release;
		};
/* End XCConfigurationList section */
	};
	rootObject = BEEBF3C228C0EDC800B9D46D /* Project object */;
}
